
Microsoft Visual Studio Solution File, Format Version 12.00
# Visual Studio 15
VisualStudioVersion = 15.0.27004.2005
MinimumVisualStudioVersion = 10.0.40219.1
Project("{9A19103F-16F7-4668-BE54-9A1E7A4F7556}") = "SmartHomeWebApp", "SmartHomeWebApp\SmartHomeWebApp.csproj", "{4A8A70D2-9703-4EE1-806B-007F78740B28}"
EndProject
Project("{9A19103F-16F7-4668-BE54-9A1E7A4F7556}") = "SmartHome", "SmartHome\SmartHome.csproj", "{81817548-8F08-42E3-8CB5-0C2B2B64CC21}"
EndProject
Project("{FAE04EC0-301F-11D3-BF4B-00C04F79EFBC}") = "SmartHome.Laptop", "SmartHome.Laptop\SmartHome.Laptop.csproj", "{4C4EEE8B-947B-4E56-9EB5-05B2573EB97E}"
EndProject
Project("{FAE04EC0-301F-11D3-BF4B-00C04F79EFBC}") = "YoutubeClient", "YoutubeClient\YoutubeClient.csproj", "{A4990870-C482-4822-9413-CF3B8A594440}"
EndProject
Global
	GlobalSection(SolutionConfigurationPlatforms) = preSolution
		Debug|Any CPU = Debug|Any CPU
		Release|Any CPU = Release|Any CPU
	EndGlobalSection
	GlobalSection(ProjectConfigurationPlatforms) = postSolution
		{4A8A70D2-9703-4EE1-806B-007F78740B28}.Debug|Any CPU.ActiveCfg = Debug|Any CPU
		{4A8A70D2-9703-4EE1-806B-007F78740B28}.Debug|Any CPU.Build.0 = Debug|Any CPU
		{4A8A70D2-9703-4EE1-806B-007F78740B28}.Release|Any CPU.ActiveCfg = Release|Any CPU
		{4A8A70D2-9703-4EE1-806B-007F78740B28}.Release|Any CPU.Build.0 = Release|Any CPU
		{81817548-8F08-42E3-8CB5-0C2B2B64CC21}.Debug|Any CPU.ActiveCfg = Debug|Any CPU
		{81817548-8F08-42E3-8CB5-0C2B2B64CC21}.Debug|Any CPU.Build.0 = Debug|Any CPU
		{81817548-8F08-42E3-8CB5-0C2B2B64CC21}.Release|Any CPU.ActiveCfg = Release|Any CPU
		{81817548-8F08-42E3-8CB5-0C2B2B64CC21}.Release|Any CPU.Build.0 = Release|Any CPU
		{4C4EEE8B-947B-4E56-9EB5-05B2573EB97E}.Debug|Any CPU.ActiveCfg = Debug|Any CPU
		{4C4EEE8B-947B-4E56-9EB5-05B2573EB97E}.Debug|Any CPU.Build.0 = Debug|Any CPU
		{4C4EEE8B-947B-4E56-9EB5-05B2573EB97E}.Release|Any CPU.ActiveCfg = Release|Any CPU
		{4C4EEE8B-947B-4E56-9EB5-05B2573EB97E}.Release|Any CPU.Build.0 = Release|Any CPU
		{A4990870-C482-4822-9413-CF3B8A594440}.Debug|Any CPU.ActiveCfg = Debug|Any CPU
		{A4990870-C482-4822-9413-CF3B8A594440}.Debug|Any CPU.Build.0 = Debug|Any CPU
		{A4990870-C482-4822-9413-CF3B8A594440}.Release|Any CPU.ActiveCfg = Release|Any CPU
		{A4990870-C482-4822-9413-CF3B8A594440}.Release|Any CPU.Build.0 = Release|Any CPU
	EndGlobalSection
	GlobalSection(SolutionProperties) = preSolution
		HideSolutionNode = FALSE
	EndGlobalSection
	GlobalSection(ExtensibilityGlobals) = postSolution
		SolutionGuid = {76CD39F7-87E9-4010-95B3-257B5D1161E5}
	EndGlobalSection
EndGlobal
